// !$*UTF8*$!
{
	archiveVersion = 1;
	classes = {
	};
	objectVersion = 46;
	objects = {

/* Begin PBXBuildFile section */
		50049B171ACB7DB900E6C590 /* main.m in Sources */ = {isa = PBXBuildFile; fileRef = 50049B161ACB7DB900E6C590 /* main.m */; };
		50049B1A1ACB7DB900E6C590 /* AppDelegate.m in Sources */ = {isa = PBXBuildFile; fileRef = 50049B191ACB7DB900E6C590 /* AppDelegate.m */; };
		50049B1D1ACB7DB900E6C590 /* ViewController.m in Sources */ = {isa = PBXBuildFile; fileRef = 50049B1C1ACB7DB900E6C590 /* ViewController.m */; };
		50049B201ACB7DB900E6C590 /* Main.storyboard in Resources */ = {isa = PBXBuildFile; fileRef = 50049B1E1ACB7DB900E6C590 /* Main.storyboard */; };
		50049B221ACB7DB900E6C590 /* Images.xcassets in Resources */ = {isa = PBXBuildFile; fileRef = 50049B211ACB7DB900E6C590 /* Images.xcassets */; };
		50049B251ACB7DB900E6C590 /* LaunchScreen.xib in Resources */ = {isa = PBXBuildFile; fileRef = 50049B231ACB7DB900E6C590 /* LaunchScreen.xib */; };
		50049B311ACB7DB900E6C590 /* MessgaeViewDemoTests.m in Sources */ = {isa = PBXBuildFile; fileRef = 50049B301ACB7DB900E6C590 /* MessgaeViewDemoTests.m */; };
		50049C881ACB89F700E6C590 /* YLYMessageView.m in Sources */ = {isa = PBXBuildFile; fileRef = 50049C871ACB89F700E6C590 /* YLYMessageView.m */; };
		50049C921ACB8C0D00E6C590 /* dd_emotion.png in Resources */ = {isa = PBXBuildFile; fileRef = 50049C8A1ACB8C0D00E6C590 /* dd_emotion.png */; };
		50049C931ACB8C0D00E6C590 /* dd_emotion@2x.png in Resources */ = {isa = PBXBuildFile; fileRef = 50049C8B1ACB8C0D00E6C590 /* dd_emotion@2x.png */; };
		50049C941ACB8C0D00E6C590 /* dd_input_normal.png in Resources */ = {isa = PBXBuildFile; fileRef = 50049C8C1ACB8C0D00E6C590 /* dd_input_normal.png */; };
		50049C951ACB8C0D00E6C590 /* dd_input_normal@2x.png in Resources */ = {isa = PBXBuildFile; fileRef = 50049C8D1ACB8C0D00E6C590 /* dd_input_normal@2x.png */; };
		50049C961ACB8C0D00E6C590 /* dd_record_normal.png in Resources */ = {isa = PBXBuildFile; fileRef = 50049C8E1ACB8C0D00E6C590 /* dd_record_normal.png */; };
		50049C971ACB8C0D00E6C590 /* dd_record_normal@2x.png in Resources */ = {isa = PBXBuildFile; fileRef = 50049C8F1ACB8C0D00E6C590 /* dd_record_normal@2x.png */; };
		50049C981ACB8C0D00E6C590 /* dd_utility.png in Resources */ = {isa = PBXBuildFile; fileRef = 50049C901ACB8C0D00E6C590 /* dd_utility.png */; };
		50049C991ACB8C0D00E6C590 /* dd_utility@2x.png in Resources */ = {isa = PBXBuildFile; fileRef = 50049C911ACB8C0D00E6C590 /* dd_utility@2x.png */; };
		50049C9E1ACB9A9F00E6C590 /* dd_press_to_say_normal.png in Resources */ = {isa = PBXBuildFile; fileRef = 50049C9A1ACB9A9E00E6C590 /* dd_press_to_say_normal.png */; };
		50049C9F1ACB9A9F00E6C590 /* dd_press_to_say_normal@2x.png in Resources */ = {isa = PBXBuildFile; fileRef = 50049C9B1ACB9A9F00E6C590 /* dd_press_to_say_normal@2x.png */; };
		50049CA01ACB9A9F00E6C590 /* dd_record_release_end.png in Resources */ = {isa = PBXBuildFile; fileRef = 50049C9C1ACB9A9F00E6C590 /* dd_record_release_end.png */; };
		50049CA11ACB9A9F00E6C590 /* dd_record_release_end@2x.png in Resources */ = {isa = PBXBuildFile; fileRef = 50049C9D1ACB9A9F00E6C590 /* dd_record_release_end@2x.png */; };
/* End PBXBuildFile section */

/* Begin PBXContainerItemProxy section */
		50049B2B1ACB7DB900E6C590 /* PBXContainerItemProxy */ = {
			isa = PBXContainerItemProxy;
			containerPortal = 50049B091ACB7DB900E6C590 /* Project object */;
			proxyType = 1;
			remoteGlobalIDString = 50049B101ACB7DB900E6C590;
			remoteInfo = MessgaeViewDemo;
		};
/* End PBXContainerItemProxy section */

/* Begin PBXFileReference section */
		50049B111ACB7DB900E6C590 /* MessgaeViewDemo.app */ = {isa = PBXFileReference; explicitFileType = wrapper.application; includeInIndex = 0; path = MessgaeViewDemo.app; sourceTree = BUILT_PRODUCTS_DIR; };
		50049B151ACB7DB900E6C590 /* Info.plist */ = {isa = PBXFileReference; lastKnownFileType = text.plist.xml; path = Info.plist; sourceTree = "<group>"; };
		50049B161ACB7DB900E6C590 /* main.m */ = {isa = PBXFileReference; lastKnownFileType = sourcecode.c.objc; path = main.m; sourceTree = "<group>"; };
		50049B181ACB7DB900E6C590 /* AppDelegate.h */ = {isa = PBXFileReference; lastKnownFileType = sourcecode.c.h; path = AppDelegate.h; sourceTree = "<group>"; };
		50049B191ACB7DB900E6C590 /* AppDelegate.m */ = {isa = PBXFileReference; lastKnownFileType = sourcecode.c.objc; path = AppDelegate.m; sourceTree = "<group>"; };
		50049B1B1ACB7DB900E6C590 /* ViewController.h */ = {isa = PBXFileReference; lastKnownFileType = sourcecode.c.h; path = ViewController.h; sourceTree = "<group>"; };
		50049B1C1ACB7DB900E6C590 /* ViewController.m */ = {isa = PBXFileReference; lastKnownFileType = sourcecode.c.objc; path = ViewController.m; sourceTree = "<group>"; };
		50049B1F1ACB7DB900E6C590 /* Base */ = {isa = PBXFileReference; lastKnownFileType = file.storyboard; name = Base; path = Base.lproj/Main.storyboard; sourceTree = "<group>"; };
		50049B211ACB7DB900E6C590 /* Images.xcassets */ = {isa = PBXFileReference; lastKnownFileType = folder.assetcatalog; path = Images.xcassets; sourceTree = "<group>"; };
		50049B241ACB7DB900E6C590 /* Base */ = {isa = PBXFileReference; lastKnownFileType = file.xib; name = Base; path = Base.lproj/LaunchScreen.xib; sourceTree = "<group>"; };
		50049B2A1ACB7DB900E6C590 /* MessgaeViewDemoTests.xctest */ = {isa = PBXFileReference; explicitFileType = wrapper.cfbundle; includeInIndex = 0; path = MessgaeViewDemoTests.xctest; sourceTree = BUILT_PRODUCTS_DIR; };
		50049B2F1ACB7DB900E6C590 /* Info.plist */ = {isa = PBXFileReference; lastKnownFileType = text.plist.xml; path = Info.plist; sourceTree = "<group>"; };
		50049B301ACB7DB900E6C590 /* MessgaeViewDemoTests.m */ = {isa = PBXFileReference; lastKnownFileType = sourcecode.c.objc; path = MessgaeViewDemoTests.m; sourceTree = "<group>"; };
		50049C861ACB89F700E6C590 /* YLYMessageView.h */ = {isa = PBXFileReference; fileEncoding = 4; lastKnownFileType = sourcecode.c.h; path = YLYMessageView.h; sourceTree = "<group>"; };
		50049C871ACB89F700E6C590 /* YLYMessageView.m */ = {isa = PBXFileReference; fileEncoding = 4; lastKnownFileType = sourcecode.c.objc; path = YLYMessageView.m; sourceTree = "<group>"; };
		50049C8A1ACB8C0D00E6C590 /* dd_emotion.png */ = {isa = PBXFileReference; lastKnownFileType = image.png; path = dd_emotion.png; sourceTree = "<group>"; };
		50049C8B1ACB8C0D00E6C590 /* dd_emotion@2x.png */ = {isa = PBXFileReference; lastKnownFileType = image.png; path = "dd_emotion@2x.png"; sourceTree = "<group>"; };
		50049C8C1ACB8C0D00E6C590 /* dd_input_normal.png */ = {isa = PBXFileReference; lastKnownFileType = image.png; path = dd_input_normal.png; sourceTree = "<group>"; };
		50049C8D1ACB8C0D00E6C590 /* dd_input_normal@2x.png */ = {isa = PBXFileReference; lastKnownFileType = image.png; path = "dd_input_normal@2x.png"; sourceTree = "<group>"; };
		50049C8E1ACB8C0D00E6C590 /* dd_record_normal.png */ = {isa = PBXFileReference; lastKnownFileType = image.png; path = dd_record_normal.png; sourceTree = "<group>"; };
		50049C8F1ACB8C0D00E6C590 /* dd_record_normal@2x.png */ = {isa = PBXFileReference; lastKnownFileType = image.png; path = "dd_record_normal@2x.png"; sourceTree = "<group>"; };
		50049C901ACB8C0D00E6C590 /* dd_utility.png */ = {isa = PBXFileReference; lastKnownFileType = image.png; path = dd_utility.png; sourceTree = "<group>"; };
		50049C911ACB8C0D00E6C590 /* dd_utility@2x.png */ = {isa = PBXFileReference; lastKnownFileType = image.png; path = "dd_utility@2x.png"; sourceTree = "<group>"; };
		50049C9A1ACB9A9E00E6C590 /* dd_press_to_say_normal.png */ = {isa = PBXFileReference; lastKnownFileType = image.png; path = dd_press_to_say_normal.png; sourceTree = "<group>"; };
		50049C9B1ACB9A9F00E6C590 /* dd_press_to_say_normal@2x.png */ = {isa = PBXFileReference; lastKnownFileType = image.png; path = "dd_press_to_say_normal@2x.png"; sourceTree = "<group>"; };
		50049C9C1ACB9A9F00E6C590 /* dd_record_release_end.png */ = {isa = PBXFileReference; lastKnownFileType = image.png; path = dd_record_release_end.png; sourceTree = "<group>"; };
		50049C9D1ACB9A9F00E6C590 /* dd_record_release_end@2x.png */ = {isa = PBXFileReference; lastKnownFileType = image.png; path = "dd_record_release_end@2x.png"; sourceTree = "<group>"; };
/* End PBXFileReference section */

/* Begin PBXFrameworksBuildPhase section */
		50049B0E1ACB7DB900E6C590 /* Frameworks */ = {
			isa = PBXFrameworksBuildPhase;
			buildActionMask = 2147483647;
			files = (
			);
			runOnlyForDeploymentPostprocessing = 0;
		};
		50049B271ACB7DB900E6C590 /* Frameworks */ = {
			isa = PBXFrameworksBuildPhase;
			buildActionMask = 2147483647;
			files = (
			);
			runOnlyForDeploymentPostprocessing = 0;
		};
/* End PBXFrameworksBuildPhase section */

/* Begin PBXGroup section */
		50049B081ACB7DB900E6C590 = {
			isa = PBXGroup;
			children = (
				50049B131ACB7DB900E6C590 /* MessgaeViewDemo */,
				50049B2D1ACB7DB900E6C590 /* MessgaeViewDemoTests */,
				50049B121ACB7DB900E6C590 /* Products */,
			);
			sourceTree = "<group>";
		};
		50049B121ACB7DB900E6C590 /* Products */ = {
			isa = PBXGroup;
			children = (
				50049B111ACB7DB900E6C590 /* MessgaeViewDemo.app */,
				50049B2A1ACB7DB900E6C590 /* MessgaeViewDemoTests.xctest */,
			);
			name = Products;
			sourceTree = "<group>";
		};
		50049B131ACB7DB900E6C590 /* MessgaeViewDemo */ = {
			isa = PBXGroup;
			children = (
				50049B3A1ACB7FE100E6C590 /* YLYMessage */,
				50049B181ACB7DB900E6C590 /* AppDelegate.h */,
				50049B191ACB7DB900E6C590 /* AppDelegate.m */,
				50049B1B1ACB7DB900E6C590 /* ViewController.h */,
				50049B1C1ACB7DB900E6C590 /* ViewController.m */,
				50049B1E1ACB7DB900E6C590 /* Main.storyboard */,
				50049B211ACB7DB900E6C590 /* Images.xcassets */,
				50049B231ACB7DB900E6C590 /* LaunchScreen.xib */,
				50049B141ACB7DB900E6C590 /* Supporting Files */,
			);
			path = MessgaeViewDemo;
			sourceTree = "<group>";
		};
		50049B141ACB7DB900E6C590 /* Supporting Files */ = {
			isa = PBXGroup;
			children = (
				50049B151ACB7DB900E6C590 /* Info.plist */,
				50049B161ACB7DB900E6C590 /* main.m */,
			);
			name = "Supporting Files";
			sourceTree = "<group>";
		};
		50049B2D1ACB7DB900E6C590 /* MessgaeViewDemoTests */ = {
			isa = PBXGroup;
			children = (
				50049B301ACB7DB900E6C590 /* MessgaeViewDemoTests.m */,
				50049B2E1ACB7DB900E6C590 /* Supporting Files */,
			);
			path = MessgaeViewDemoTests;
			sourceTree = "<group>";
		};
		50049B2E1ACB7DB900E6C590 /* Supporting Files */ = {
			isa = PBXGroup;
			children = (
				50049B2F1ACB7DB900E6C590 /* Info.plist */,
			);
			name = "Supporting Files";
			sourceTree = "<group>";
		};
		50049B3A1ACB7FE100E6C590 /* YLYMessage */ = {
			isa = PBXGroup;
			children = (
				50049C891ACB8C0D00E6C590 /* res */,
				50049C861ACB89F700E6C590 /* YLYMessageView.h */,
				50049C871ACB89F700E6C590 /* YLYMessageView.m */,
			);
			path = YLYMessage;
			sourceTree = "<group>";
		};
		50049C891ACB8C0D00E6C590 /* res */ = {
			isa = PBXGroup;
			children = (
				50049C8A1ACB8C0D00E6C590 /* dd_emotion.png */,
				50049C8B1ACB8C0D00E6C590 /* dd_emotion@2x.png */,
				50049C8C1ACB8C0D00E6C590 /* dd_input_normal.png */,
				50049C8D1ACB8C0D00E6C590 /* dd_input_normal@2x.png */,
				50049C8E1ACB8C0D00E6C590 /* dd_record_normal.png */,
				50049C8F1ACB8C0D00E6C590 /* dd_record_normal@2x.png */,
				50049C901ACB8C0D00E6C590 /* dd_utility.png */,
				50049C911ACB8C0D00E6C590 /* dd_utility@2x.png */,
				50049C9A1ACB9A9E00E6C590 /* dd_press_to_say_normal.png */,
				50049C9B1ACB9A9F00E6C590 /* dd_press_to_say_normal@2x.png */,
				50049C9C1ACB9A9F00E6C590 /* dd_record_release_end.png */,
				50049C9D1ACB9A9F00E6C590 /* dd_record_release_end@2x.png */,
			);
			path = res;
			sourceTree = "<group>";
		};
/* End PBXGroup section */

/* Begin PBXNativeTarget section */
		50049B101ACB7DB900E6C590 /* MessgaeViewDemo */ = {
			isa = PBXNativeTarget;
			buildConfigurationList = 50049B341ACB7DB900E6C590 /* Build configuration list for PBXNativeTarget "MessgaeViewDemo" */;
			buildPhases = (
				50049B0D1ACB7DB900E6C590 /* Sources */,
				50049B0E1ACB7DB900E6C590 /* Frameworks */,
				50049B0F1ACB7DB900E6C590 /* Resources */,
			);
			buildRules = (
			);
			dependencies = (
			);
			name = MessgaeViewDemo;
			productName = MessgaeViewDemo;
			productReference = 50049B111ACB7DB900E6C590 /* MessgaeViewDemo.app */;
			productType = "com.apple.product-type.application";
		};
		50049B291ACB7DB900E6C590 /* MessgaeViewDemoTests */ = {
			isa = PBXNativeTarget;
			buildConfigurationList = 50049B371ACB7DB900E6C590 /* Build configuration list for PBXNativeTarget "MessgaeViewDemoTests" */;
			buildPhases = (
				50049B261ACB7DB900E6C590 /* Sources */,
				50049B271ACB7DB900E6C590 /* Frameworks */,
				50049B281ACB7DB900E6C590 /* Resources */,
			);
			buildRules = (
			);
			dependencies = (
				50049B2C1ACB7DB900E6C590 /* PBXTargetDependency */,
			);
			name = MessgaeViewDemoTests;
			productName = MessgaeViewDemoTests;
			productReference = 50049B2A1ACB7DB900E6C590 /* MessgaeViewDemoTests.xctest */;
			productType = "com.apple.product-type.bundle.unit-test";
		};
/* End PBXNativeTarget section */

/* Begin PBXProject section */
		50049B091ACB7DB900E6C590 /* Project object */ = {
			isa = PBXProject;
			attributes = {
				LastUpgradeCheck = 0620;
				ORGANIZATIONNAME = xllyll;
				TargetAttributes = {
					50049B101ACB7DB900E6C590 = {
						CreatedOnToolsVersion = 6.2;
					};
					50049B291ACB7DB900E6C590 = {
						CreatedOnToolsVersion = 6.2;
						TestTargetID = 50049B101ACB7DB900E6C590;
					};
				};
			};
			buildConfigurationList = 50049B0C1ACB7DB900E6C590 /* Build configuration list for PBXProject "MessgaeViewDemo" */;
			compatibilityVersion = "Xcode 3.2";
			developmentRegion = English;
			hasScannedForEncodings = 0;
			knownRegions = (
				en,
				Base,
			);
			mainGroup = 50049B081ACB7DB900E6C590;
			productRefGroup = 50049B121ACB7DB900E6C590 /* Products */;
			projectDirPath = "";
			projectRoot = "";
			targets = (
				50049B101ACB7DB900E6C590 /* MessgaeViewDemo */,
				50049B291ACB7DB900E6C590 /* MessgaeViewDemoTests */,
			);
		};
/* End PBXProject section */

/* Begin PBXResourcesBuildPhase section */
		50049B0F1ACB7DB900E6C590 /* Resources */ = {
			isa = PBXResourcesBuildPhase;
			buildActionMask = 2147483647;
			files = (
				50049B201ACB7DB900E6C590 /* Main.storyboard in Resources */,
				50049C941ACB8C0D00E6C590 /* dd_input_normal.png in Resources */,
				50049C9F1ACB9A9F00E6C590 /* dd_press_to_say_normal@2x.png in Resources */,
				50049C981ACB8C0D00E6C590 /* dd_utility.png in Resources */,
				50049C991ACB8C0D00E6C590 /* dd_utility@2x.png in Resources */,
				50049B251ACB7DB900E6C590 /* LaunchScreen.xib in Resources */,
				50049CA11ACB9A9F00E6C590 /* dd_record_release_end@2x.png in Resources */,
				50049B221ACB7DB900E6C590 /* Images.xcassets in Resources */,
				50049C931ACB8C0D00E6C590 /* dd_emotion@2x.png in Resources */,
				50049C961ACB8C0D00E6C590 /* dd_record_normal.png in Resources */,
				50049C921ACB8C0D00E6C590 /* dd_emotion.png in Resources */,
				50049C951ACB8C0D00E6C590 /* dd_input_normal@2x.png in Resources */,
				50049C971ACB8C0D00E6C590 /* dd_record_normal@2x.png in Resources */,
				50049CA01ACB9A9F00E6C590 /* dd_record_release_end.png in Resources */,
				50049C9E1ACB9A9F00E6C590 /* dd_press_to_say_normal.png in Resources */,
			);
			runOnlyForDeploymentPostprocessing = 0;
		};
		50049B281ACB7DB900E6C590 /* Resources */ = {
			isa = PBXResourcesBuildPhase;
			buildActionMask = 2147483647;
			files = (
			);
			runOnlyForDeploymentPostprocessing = 0;
		};
/* End PBXResourcesBuildPhase section */

/* Begin PBXSourcesBuildPhase section */
		50049B0D1ACB7DB900E6C590 /* Sources */ = {
			isa = PBXSourcesBuildPhase;
			buildActionMask = 2147483647;
			files = (
				50049B1D1ACB7DB900E6C590 /* ViewController.m in Sources */,
				50049C881ACB89F700E6C590 /* YLYMessageView.m in Sources */,
				50049B1A1ACB7DB900E6C590 /* AppDelegate.m in Sources */,
				50049B171ACB7DB900E6C590 /* main.m in Sources */,
			);
			runOnlyForDeploymentPostprocessing = 0;
		};
		50049B261ACB7DB900E6C590 /* Sources */ = {
			isa = PBXSourcesBuildPhase;
			buildActionMask = 2147483647;
			files = (
				50049B311ACB7DB900E6C590 /* MessgaeViewDemoTests.m in Sources */,
			);
			runOnlyForDeploymentPostprocessing = 0;
		};
/* End PBXSourcesBuildPhase section */

/* Begin PBXTargetDependency section */
		50049B2C1ACB7DB900E6C590 /* PBXTargetDependency */ = {
			isa = PBXTargetDependency;
			target = 50049B101ACB7DB900E6C590 /* MessgaeViewDemo */;
			targetProxy = 50049B2B1ACB7DB900E6C590 /* PBXContainerItemProxy */;
		};
/* End PBXTargetDependency section */

/* Begin PBXVariantGroup section */
		50049B1E1ACB7DB900E6C590 /* Main.storyboard */ = {
			isa = PBXVariantGroup;
			children = (
				50049B1F1ACB7DB900E6C590 /* Base */,
			);
			name = Main.storyboard;
			sourceTree = "<group>";
		};
		50049B231ACB7DB900E6C590 /* LaunchScreen.xib */ = {
			isa = PBXVariantGroup;
			children = (
				50049B241ACB7DB900E6C590 /* Base */,
			);
			name = LaunchScreen.xib;
			sourceTree = "<group>";
		};
/* End PBXVariantGroup section */

/* Begin XCBuildConfiguration section */
		50049B321ACB7DB900E6C590 /* Debug */ = {
			isa = XCBuildConfiguration;
			buildSettings = {
				ALWAYS_SEARCH_USER_PATHS = NO;
				CLANG_CXX_LANGUAGE_STANDARD = "gnu++0x";
				CLANG_CXX_LIBRARY = "libc++";
				CLANG_ENABLE_MODULES = YES;
				CLANG_ENABLE_OBJC_ARC = YES;
				CLANG_WARN_BOOL_CONVERSION = YES;
				CLANG_WARN_CONSTANT_CONVERSION = YES;
				CLANG_WARN_DIRECT_OBJC_ISA_USAGE = YES_ERROR;
				CLANG_WARN_EMPTY_BODY = YES;
				CLANG_WARN_ENUM_CONVERSION = YES;
				CLANG_WARN_INT_CONVERSION = YES;
				CLANG_WARN_OBJC_ROOT_CLASS = YES_ERROR;
				CLANG_WARN_UNREACHABLE_CODE = YES;
				CLANG_WARN__DUPLICATE_METHOD_MATCH = YES;
				"CODE_SIGN_IDENTITY[sdk=iphoneos*]" = "iPhone Developer";
				COPY_PHASE_STRIP = NO;
				ENABLE_STRICT_OBJC_MSGSEND = YES;
				GCC_C_LANGUAGE_STANDARD = gnu99;
				GCC_DYNAMIC_NO_PIC = NO;
				GCC_OPTIMIZATION_LEVEL = 0;
				GCC_PREPROCESSOR_DEFINITIONS = (
					"DEBUG=1",
					"$(inherited)",
				);
				GCC_SYMBOLS_PRIVATE_EXTERN = NO;
				GCC_WARN_64_TO_32_BIT_CONVERSION = YES;
				GCC_WARN_ABOUT_RETURN_TYPE = YES_ERROR;
				GCC_WARN_UNDECLARED_SELECTOR = YES;
				GCC_WARN_UNINITIALIZED_AUTOS = YES_AGGRESSIVE;
				GCC_WARN_UNUSED_FUNCTION = YES;
				GCC_WARN_UNUSED_VARIABLE = YES;
				IPHONEOS_DEPLOYMENT_TARGET = 7.0;
				MTL_ENABLE_DEBUG_INFO = YES;
				ONLY_ACTIVE_ARCH = YES;
				SDKROOT = iphoneos;
				TARGETED_DEVICE_FAMILY = "1,2";
			};
			name = Debug;
		};
		50049B331ACB7DB900E6C590 /* Release */ = {
			isa = XCBuildConfiguration;
			buildSettings = {
				ALWAYS_SEARCH_USER_PATHS = NO;
				CLANG_CXX_LANGUAGE_STANDARD = "gnu++0x";
				CLANG_CXX_LIBRARY = "libc++";
				CLANG_ENABLE_MODULES = YES;
				CLANG_ENABLE_OBJC_ARC = YES;
				CLANG_WARN_BOOL_CONVERSION = YES;
				CLANG_WARN_CONSTANT_CONVERSION = YES;
				CLANG_WARN_DIRECT_OBJC_ISA_USAGE = YES_ERROR;
				CLANG_WARN_EMPTY_BODY = YES;
				CLANG_WARN_ENUM_CONVERSION = YES;
				CLANG_WARN_INT_CONVERSION = YES;
				CLANG_WARN_OBJC_ROOT_CLASS = YES_ERROR;
				CLANG_WARN_UNREACHABLE_CODE = YES;
				CLANG_WARN__DUPLICATE_METHOD_MATCH = YES;
				"CODE_SIGN_IDENTITY[sdk=iphoneos*]" = "iPhone Developer";
				COPY_PHASE_STRIP = NO;
				ENABLE_NS_ASSERTIONS = NO;
				ENABLE_STRICT_OBJC_MSGSEND = YES;
				GCC_C_LANGUAGE_STANDARD = gnu99;
				GCC_WARN_64_TO_32_BIT_CONVERSION = YES;
				GCC_WARN_ABOUT_RETURN_TYPE = YES_ERROR;
				GCC_WARN_UNDECLARED_SELECTOR = YES;
				GCC_WARN_UNINITIALIZED_AUTOS = YES_AGGRESSIVE;
				GCC_WARN_UNUSED_FUNCTION = YES;
				GCC_WARN_UNUSED_VARIABLE = YES;
				IPHONEOS_DEPLOYMENT_TARGET = 7.0;
				MTL_ENABLE_DEBUG_INFO = NO;
				SDKROOT = iphoneos;
				TARGETED_DEVICE_FAMILY = "1,2";
				VALIDATE_PRODUCT = YES;
			};
			name = Release;
		};
		50049B351ACB7DB900E6C590 /* Debug */ = {
			isa = XCBuildConfiguration;
			buildSettings = {
				ASSETCATALOG_COMPILER_APPICON_NAME = AppIcon;
				INFOPLIST_FILE = MessgaeViewDemo/Info.plist;
				LD_RUNPATH_SEARCH_PATHS = "$(inherited) @executable_path/Frameworks";
				PRODUCT_NAME = "$(TARGET_NAME)";
			};
			name = Debug;
		};
		50049B361ACB7DB900E6C590 /* Release */ = {
			isa = XCBuildConfiguration;
			buildSettings = {
				ASSETCATALOG_COMPILER_APPICON_NAME = AppIcon;
				INFOPLIST_FILE = MessgaeViewDemo/Info.plist;
				LD_RUNPATH_SEARCH_PATHS = "$(inherited) @executable_path/Frameworks";
				PRODUCT_NAME = "$(TARGET_NAME)";
			};
			name = Release;
		};
		50049B381ACB7DB900E6C590 /* Debug */ = {
			isa = XCBuildConfiguration;
			buildSettings = {
				BUNDLE_LOADER = "$(TEST_HOST)";
				FRAMEWORK_SEARCH_PATHS = (
					"$(SDKROOT)/Developer/Library/Frameworks",
					"$(inherited)",
				);
				GCC_PREPROCESSOR_DEFINITIONS = (
					"DEBUG=1",
					"$(inherited)",
				);
				INFOPLIST_FILE = MessgaeViewDemoTests/Info.plist;
				LD_RUNPATH_SEARCH_PATHS = "$(inherited) @executable_path/Frameworks @loader_path/Frameworks";
				PRODUCT_NAME = "$(TARGET_NAME)";
				TEST_HOST = "$(BUILT_PRODUCTS_DIR)/MessgaeViewDemo.app/MessgaeViewDemo";
			};
			name = Debug;
		};
		50049B391ACB7DB900E6C590 /* Release */ = {
			isa = XCBuildConfiguration;
			buildSettings = {
				BUNDLE_LOADER = "$(TEST_HOST)";
				FRAMEWORK_SEARCH_PATHS = (
					"$(SDKROOT)/Developer/Library/Frameworks",
					"$(inherited)",
				);
				INFOPLIST_FILE = MessgaeViewDemoTests/Info.plist;
				LD_RUNPATH_SEARCH_PATHS = "$(inherited) @executable_path/Frameworks @loader_path/Frameworks";
				PRODUCT_NAME = "$(TARGET_NAME)";
				TEST_HOST = "$(BUILT_PRODUCTS_DIR)/MessgaeViewDemo.app/MessgaeViewDemo";
			};
			name = Release;
		};
/* End XCBuildConfiguration section */

/* Begin XCConfigurationList section */
		50049B0C1ACB7DB900E6C590 /* Build configuration list for PBXProject "MessgaeViewDemo" */ = {
			isa = XCConfigurationList;
			buildConfigurations = (
				50049B321ACB7DB900E6C590 /* Debug */,
				50049B331ACB7DB900E6C590 /* Release */,
			);
			defaultConfigurationIsVisible = 0;
			defaultConfigurationName = Release;
		};
		50049B341ACB7DB900E6C590 /* Build configuration list for PBXNativeTarget "MessgaeViewDemo" */ = {
			isa = XCConfigurationList;
			buildConfigurations = (
				50049B351ACB7DB900E6C590 /* Debug */,
				50049B361ACB7DB900E6C590 /* Release */,
			);
			defaultConfigurationIsVisible = 0;
			defaultConfigurationName = Release;
		};
		50049B371ACB7DB900E6C590 /* Build configuration list for PBXNativeTarget "MessgaeViewDemoTests" */ = {
			isa = XCConfigurationList;
			buildConfigurations = (
				50049B381ACB7DB900E6C590 /* Debug */,
				50049B391ACB7DB900E6C590 /* Release */,
			);
			defaultConfigurationIsVisible = 0;
			defaultConfigurationName = Release;
		};
/* End XCConfigurationList section */
	};
	rootObject = 50049B091ACB7DB900E6C590 /* Project object */;
}
